
Microsoft Visual Studio Solution File, Format Version 12.00
# Visual Studio 15
Project("{FAE04EC0-301F-11D3-BF4B-00C04F79EFBC}") = "ProjectVr", "Assembly-CSharp.csproj", "{C9986CF1-8475-E324-45E9-FACBDA24D843}"
EndProject
Project("{FAE04EC0-301F-11D3-BF4B-00C04F79EFBC}") = "ProjectVr", "Assembly-CSharp-Editor.csproj", "{3E029323-53EC-DF29-C953-66BEC25809AA}"
EndProject
Global
	GlobalSection(SolutionConfigurationPlatforms) = preSolution
		Debug|Any CPU = Debug|Any CPU
		Release|Any CPU = Release|Any CPU
	EndGlobalSection
	GlobalSection(ProjectConfigurationPlatforms) = postSolution
		{C9986CF1-8475-E324-45E9-FACBDA24D843}.Debug|Any CPU.ActiveCfg = Debug|Any CPU
		{C9986CF1-8475-E324-45E9-FACBDA24D843}.Debug|Any CPU.Build.0 = Debug|Any CPU
		{C9986CF1-8475-E324-45E9-FACBDA24D843}.Release|Any CPU.ActiveCfg = Release|Any CPU
		{C9986CF1-8475-E324-45E9-FACBDA24D843}.Release|Any CPU.Build.0 = Release|Any CPU
		{3E029323-53EC-DF29-C953-66BEC25809AA}.Debug|Any CPU.ActiveCfg = Debug|Any CPU
		{3E029323-53EC-DF29-C953-66BEC25809AA}.Debug|Any CPU.Build.0 = Debug|Any CPU
		{3E029323-53EC-DF29-C953-66BEC25809AA}.Release|Any CPU.ActiveCfg = Release|Any CPU
		{3E029323-53EC-DF29-C953-66BEC25809AA}.Release|Any CPU.Build.0 = Release|Any CPU
	EndGlobalSection
	GlobalSection(SolutionProperties) = preSolution
		HideSolutionNode = FALSE
	EndGlobalSection
EndGlobal
